// !$*UTF8*$!
{
	archiveVersion = 1;
	classes = {
	};
	objectVersion = 50;
	objects = {

/* Begin PBXBuildFile section */
		1F256CD82103B13300A8433C /* AppDelegate.swift in Sources */ = {isa = PBXBuildFile; fileRef = 1F256CD72103B13300A8433C /* AppDelegate.swift */; };
		1F256CDA2103B13300A8433C /* ViewController.swift in Sources */ = {isa = PBXBuildFile; fileRef = 1F256CD92103B13300A8433C /* ViewController.swift */; };
		1F256CDD2103B13300A8433C /* Main.storyboard in Resources */ = {isa = PBXBuildFile; fileRef = 1F256CDB2103B13300A8433C /* Main.storyboard */; };
		1F256CDF2103B13300A8433C /* Assets.xcassets in Resources */ = {isa = PBXBuildFile; fileRef = 1F256CDE2103B13300A8433C /* Assets.xcassets */; };
		1F256CE22103B13300A8433C /* LaunchScreen.storyboard in Resources */ = {isa = PBXBuildFile; fileRef = 1F256CE02103B13300A8433C /* LaunchScreen.storyboard */; };
		1F256D1C21044DF900A8433C /* TableViewViewModel.swift in Sources */ = {isa = PBXBuildFile; fileRef = 1F256D0C21044DF900A8433C /* TableViewViewModel.swift */; };
		1F256D1D21044DF900A8433C /* CollectionViewViewModel.swift in Sources */ = {isa = PBXBuildFile; fileRef = 1F256D0D21044DF900A8433C /* CollectionViewViewModel.swift */; };
		1F256D1E21044DF900A8433C /* TableViewDataSource.swift in Sources */ = {isa = PBXBuildFile; fileRef = 1F256D0E21044DF900A8433C /* TableViewDataSource.swift */; };
		1F256D1F21044DF900A8433C /* TableViewSection.swift in Sources */ = {isa = PBXBuildFile; fileRef = 1F256D0F21044DF900A8433C /* TableViewSection.swift */; };
		1F256D2021044DF900A8433C /* Grid.swift in Sources */ = {isa = PBXBuildFile; fileRef = 1F256D1021044DF900A8433C /* Grid.swift */; };
		1F256D2121044DF900A8433C /* StateMachine.swift in Sources */ = {isa = PBXBuildFile; fileRef = 1F256D1121044DF900A8433C /* StateMachine.swift */; };
		1F256D2221044DF900A8433C /* View.swift in Sources */ = {isa = PBXBuildFile; fileRef = 1F256D1321044DF900A8433C /* View.swift */; };
		1F256D2321044DF900A8433C /* AnimationSequence.swift in Sources */ = {isa = PBXBuildFile; fileRef = 1F256D1521044DF900A8433C /* AnimationSequence.swift */; };
		1F256D2421044DF900A8433C /* CGFloat+EvenRounded.swift in Sources */ = {isa = PBXBuildFile; fileRef = 1F256D1721044DF900A8433C /* CGFloat+EvenRounded.swift */; };
		1F256D2521044DF900A8433C /* Blocks.swift in Sources */ = {isa = PBXBuildFile; fileRef = 1F256D1821044DF900A8433C /* Blocks.swift */; };
		1F256D2621044DF900A8433C /* Promise.swift in Sources */ = {isa = PBXBuildFile; fileRef = 1F256D1A21044DF900A8433C /* Promise.swift */; };
		1F256D2721044DF900A8433C /* DispatchQueue+AsyncAfter.swift in Sources */ = {isa = PBXBuildFile; fileRef = 1F256D1B21044DF900A8433C /* DispatchQueue+AsyncAfter.swift */; };
		1F4B1EEA22303A62005D3A67 /* Async.swift in Sources */ = {isa = PBXBuildFile; fileRef = 1F4B1EE922303A62005D3A67 /* Async.swift */; };
		1F4B1EF222303AF0005D3A67 /* ScaffoldKitTests.swift in Sources */ = {isa = PBXBuildFile; fileRef = 1F4B1EF122303AF0005D3A67 /* ScaffoldKitTests.swift */; };
		1F4B1EFA22303B18005D3A67 /* AsyncTests.swift in Sources */ = {isa = PBXBuildFile; fileRef = 1F4B1EF922303B18005D3A67 /* AsyncTests.swift */; };
		1F4B1EFB22303DA9005D3A67 /* Async.swift in Sources */ = {isa = PBXBuildFile; fileRef = 1F4B1EE922303A62005D3A67 /* Async.swift */; };
		1F4B1EFD22304238005D3A67 /* SoundPlayer.swift in Sources */ = {isa = PBXBuildFile; fileRef = 1F4B1EFC22304238005D3A67 /* SoundPlayer.swift */; };
		1F4B1EFF223042D4005D3A67 /* SoundManagerTests.swift in Sources */ = {isa = PBXBuildFile; fileRef = 1F4B1EFE223042D4005D3A67 /* SoundManagerTests.swift */; };
		1F4B1F00223042DE005D3A67 /* SoundPlayer.swift in Sources */ = {isa = PBXBuildFile; fileRef = 1F4B1EFC22304238005D3A67 /* SoundPlayer.swift */; };
		1F4B1F0222304301005D3A67 /* test.mp3 in Resources */ = {isa = PBXBuildFile; fileRef = 1F4B1F0122304301005D3A67 /* test.mp3 */; };
		1FC90A44210B8B5100E64642 /* ReusableQueue.swift in Sources */ = {isa = PBXBuildFile; fileRef = 1FC90A43210B8B5100E64642 /* ReusableQueue.swift */; };
		1FC90A47210B981700E64642 /* ReusableViewController.swift in Sources */ = {isa = PBXBuildFile; fileRef = 1FC90A46210B981700E64642 /* ReusableViewController.swift */; };
		1FC90A49210B995900E64642 /* TestReusableViewController.swift in Sources */ = {isa = PBXBuildFile; fileRef = 1FC90A48210B995900E64642 /* TestReusableViewController.swift */; };
/* End PBXBuildFile section */

/* Begin PBXContainerItemProxy section */
		1F4B1EF422303AF0005D3A67 /* PBXContainerItemProxy */ = {
			isa = PBXContainerItemProxy;
			containerPortal = 1F256CCC2103B13300A8433C /* Project object */;
			proxyType = 1;
			remoteGlobalIDString = 1F256CD32103B13300A8433C;
			remoteInfo = ScaffoldKit;
		};
/* End PBXContainerItemProxy section */

/* Begin PBXFileReference section */
		1F256CD42103B13300A8433C /* ScaffoldKit.app */ = {isa = PBXFileReference; explicitFileType = wrapper.application; includeInIndex = 0; path = ScaffoldKit.app; sourceTree = BUILT_PRODUCTS_DIR; };
		1F256CD72103B13300A8433C /* AppDelegate.swift */ = {isa = PBXFileReference; lastKnownFileType = sourcecode.swift; path = AppDelegate.swift; sourceTree = "<group>"; };
		1F256CD92103B13300A8433C /* ViewController.swift */ = {isa = PBXFileReference; lastKnownFileType = sourcecode.swift; path = ViewController.swift; sourceTree = "<group>"; };
		1F256CDC2103B13300A8433C /* Base */ = {isa = PBXFileReference; lastKnownFileType = file.storyboard; name = Base; path = Base.lproj/Main.storyboard; sourceTree = "<group>"; };
		1F256CDE2103B13300A8433C /* Assets.xcassets */ = {isa = PBXFileReference; lastKnownFileType = folder.assetcatalog; path = Assets.xcassets; sourceTree = "<group>"; };
		1F256CE12103B13300A8433C /* Base */ = {isa = PBXFileReference; lastKnownFileType = file.storyboard; name = Base; path = Base.lproj/LaunchScreen.storyboard; sourceTree = "<group>"; };
		1F256CE32103B13300A8433C /* Info.plist */ = {isa = PBXFileReference; lastKnownFileType = text.plist.xml; path = Info.plist; sourceTree = "<group>"; };
		1F256D0C21044DF900A8433C /* TableViewViewModel.swift */ = {isa = PBXFileReference; fileEncoding = 4; lastKnownFileType = sourcecode.swift; path = TableViewViewModel.swift; sourceTree = "<group>"; };
		1F256D0D21044DF900A8433C /* CollectionViewViewModel.swift */ = {isa = PBXFileReference; fileEncoding = 4; lastKnownFileType = sourcecode.swift; path = CollectionViewViewModel.swift; sourceTree = "<group>"; };
		1F256D0E21044DF900A8433C /* TableViewDataSource.swift */ = {isa = PBXFileReference; fileEncoding = 4; lastKnownFileType = sourcecode.swift; path = TableViewDataSource.swift; sourceTree = "<group>"; };
		1F256D0F21044DF900A8433C /* TableViewSection.swift */ = {isa = PBXFileReference; fileEncoding = 4; lastKnownFileType = sourcecode.swift; path = TableViewSection.swift; sourceTree = "<group>"; };
		1F256D1021044DF900A8433C /* Grid.swift */ = {isa = PBXFileReference; fileEncoding = 4; lastKnownFileType = sourcecode.swift; path = Grid.swift; sourceTree = "<group>"; };
		1F256D1121044DF900A8433C /* StateMachine.swift */ = {isa = PBXFileReference; fileEncoding = 4; lastKnownFileType = sourcecode.swift; path = StateMachine.swift; sourceTree = "<group>"; };
		1F256D1321044DF900A8433C /* View.swift */ = {isa = PBXFileReference; fileEncoding = 4; lastKnownFileType = sourcecode.swift; path = View.swift; sourceTree = "<group>"; };
		1F256D1521044DF900A8433C /* AnimationSequence.swift */ = {isa = PBXFileReference; fileEncoding = 4; lastKnownFileType = sourcecode.swift; path = AnimationSequence.swift; sourceTree = "<group>"; };
		1F256D1721044DF900A8433C /* CGFloat+EvenRounded.swift */ = {isa = PBXFileReference; fileEncoding = 4; lastKnownFileType = sourcecode.swift; path = "CGFloat+EvenRounded.swift"; sourceTree = "<group>"; };
		1F256D1821044DF900A8433C /* Blocks.swift */ = {isa = PBXFileReference; fileEncoding = 4; lastKnownFileType = sourcecode.swift; path = Blocks.swift; sourceTree = "<group>"; };
		1F256D1A21044DF900A8433C /* Promise.swift */ = {isa = PBXFileReference; fileEncoding = 4; lastKnownFileType = sourcecode.swift; path = Promise.swift; sourceTree = "<group>"; };
		1F256D1B21044DF900A8433C /* DispatchQueue+AsyncAfter.swift */ = {isa = PBXFileReference; fileEncoding = 4; lastKnownFileType = sourcecode.swift; path = "DispatchQueue+AsyncAfter.swift"; sourceTree = "<group>"; };
		1F4B1EE922303A62005D3A67 /* Async.swift */ = {isa = PBXFileReference; lastKnownFileType = sourcecode.swift; path = Async.swift; sourceTree = "<group>"; };
		1F4B1EEF22303AEF005D3A67 /* ScaffoldKitTests.xctest */ = {isa = PBXFileReference; explicitFileType = wrapper.cfbundle; includeInIndex = 0; path = ScaffoldKitTests.xctest; sourceTree = BUILT_PRODUCTS_DIR; };
		1F4B1EF122303AF0005D3A67 /* ScaffoldKitTests.swift */ = {isa = PBXFileReference; lastKnownFileType = sourcecode.swift; path = ScaffoldKitTests.swift; sourceTree = "<group>"; };
		1F4B1EF322303AF0005D3A67 /* Info.plist */ = {isa = PBXFileReference; lastKnownFileType = text.plist.xml; path = Info.plist; sourceTree = "<group>"; };
		1F4B1EF922303B18005D3A67 /* AsyncTests.swift */ = {isa = PBXFileReference; lastKnownFileType = sourcecode.swift; path = AsyncTests.swift; sourceTree = "<group>"; };
		1F4B1EFC22304238005D3A67 /* SoundPlayer.swift */ = {isa = PBXFileReference; lastKnownFileType = sourcecode.swift; path = SoundPlayer.swift; sourceTree = "<group>"; };
		1F4B1EFE223042D4005D3A67 /* SoundManagerTests.swift */ = {isa = PBXFileReference; lastKnownFileType = sourcecode.swift; path = SoundManagerTests.swift; sourceTree = "<group>"; };
		1F4B1F0122304301005D3A67 /* test.mp3 */ = {isa = PBXFileReference; lastKnownFileType = audio.mp3; path = test.mp3; sourceTree = "<group>"; };
		1FC90A43210B8B5100E64642 /* ReusableQueue.swift */ = {isa = PBXFileReference; lastKnownFileType = sourcecode.swift; path = ReusableQueue.swift; sourceTree = "<group>"; };
		1FC90A46210B981700E64642 /* ReusableViewController.swift */ = {isa = PBXFileReference; lastKnownFileType = sourcecode.swift; path = ReusableViewController.swift; sourceTree = "<group>"; };
		1FC90A48210B995900E64642 /* TestReusableViewController.swift */ = {isa = PBXFileReference; lastKnownFileType = sourcecode.swift; path = TestReusableViewController.swift; sourceTree = "<group>"; };
/* End PBXFileReference section */

/* Begin PBXFrameworksBuildPhase section */
		1F256CD12103B13300A8433C /* Frameworks */ = {
			isa = PBXFrameworksBuildPhase;
			buildActionMask = 2147483647;
			files = (
			);
			runOnlyForDeploymentPostprocessing = 0;
		};
		1F4B1EEC22303AEF005D3A67 /* Frameworks */ = {
			isa = PBXFrameworksBuildPhase;
			buildActionMask = 2147483647;
			files = (
			);
			runOnlyForDeploymentPostprocessing = 0;
		};
/* End PBXFrameworksBuildPhase section */

/* Begin PBXGroup section */
		1F256CCB2103B13300A8433C = {
			isa = PBXGroup;
			children = (
				1F256CD62103B13300A8433C /* ScaffoldKit */,
				1F4B1EF022303AEF005D3A67 /* ScaffoldKitTests */,
				1F256CD52103B13300A8433C /* Products */,
			);
			sourceTree = "<group>";
		};
		1F256CD52103B13300A8433C /* Products */ = {
			isa = PBXGroup;
			children = (
				1F256CD42103B13300A8433C /* ScaffoldKit.app */,
				1F4B1EEF22303AEF005D3A67 /* ScaffoldKitTests.xctest */,
			);
			name = Products;
			sourceTree = "<group>";
		};
		1F256CD62103B13300A8433C /* ScaffoldKit */ = {
			isa = PBXGroup;
			children = (
				1F256D0A21044DF900A8433C /* ScaffoldKit */,
				1F256CD72103B13300A8433C /* AppDelegate.swift */,
				1F256CD92103B13300A8433C /* ViewController.swift */,
				1FC90A45210B97CB00E64642 /* Tests */,
				1F256CDB2103B13300A8433C /* Main.storyboard */,
				1F256CDE2103B13300A8433C /* Assets.xcassets */,
				1F256CE02103B13300A8433C /* LaunchScreen.storyboard */,
				1F256CE32103B13300A8433C /* Info.plist */,
			);
			path = ScaffoldKit;
			sourceTree = "<group>";
		};
		1F256D0A21044DF900A8433C /* ScaffoldKit */ = {
			isa = PBXGroup;
			children = (
				1F256D0B21044DF900A8433C /* DataSource */,
				1F256D1121044DF900A8433C /* StateMachine.swift */,
				1FC90A43210B8B5100E64642 /* ReusableQueue.swift */,
				1F256D1221044DF900A8433C /* UIKit */,
				1F256D1421044DF900A8433C /* Animation */,
				1F256D1621044DF900A8433C /* Foundation */,
				1F4B1EFC22304238005D3A67 /* SoundPlayer.swift */,
			);
			name = ScaffoldKit;
			path = ../../ScaffoldKit;
			sourceTree = "<group>";
		};
		1F256D0B21044DF900A8433C /* DataSource */ = {
			isa = PBXGroup;
			children = (
				1F256D0C21044DF900A8433C /* TableViewViewModel.swift */,
				1F256D0D21044DF900A8433C /* CollectionViewViewModel.swift */,
				1F256D0E21044DF900A8433C /* TableViewDataSource.swift */,
				1F256D0F21044DF900A8433C /* TableViewSection.swift */,
				1F256D1021044DF900A8433C /* Grid.swift */,
			);
			path = DataSource;
			sourceTree = "<group>";
		};
		1F256D1221044DF900A8433C /* UIKit */ = {
			isa = PBXGroup;
			children = (
				1F256D1321044DF900A8433C /* View.swift */,
			);
			path = UIKit;
			sourceTree = "<group>";
		};
		1F256D1421044DF900A8433C /* Animation */ = {
			isa = PBXGroup;
			children = (
				1F256D1521044DF900A8433C /* AnimationSequence.swift */,
			);
			path = Animation;
			sourceTree = "<group>";
		};
		1F256D1621044DF900A8433C /* Foundation */ = {
			isa = PBXGroup;
			children = (
				1F256D1721044DF900A8433C /* CGFloat+EvenRounded.swift */,
				1F256D1821044DF900A8433C /* Blocks.swift */,
				1F256D1921044DF900A8433C /* Thread */,
			);
			path = Foundation;
			sourceTree = "<group>";
		};
		1F256D1921044DF900A8433C /* Thread */ = {
			isa = PBXGroup;
			children = (
				1F256D1A21044DF900A8433C /* Promise.swift */,
				1F256D1B21044DF900A8433C /* DispatchQueue+AsyncAfter.swift */,
				1F4B1EE922303A62005D3A67 /* Async.swift */,
			);
			path = Thread;
			sourceTree = "<group>";
		};
		1F4B1EF022303AEF005D3A67 /* ScaffoldKitTests */ = {
			isa = PBXGroup;
			children = (
				1F4B1F0122304301005D3A67 /* test.mp3 */,
				1F4B1EF122303AF0005D3A67 /* ScaffoldKitTests.swift */,
				1F4B1EF922303B18005D3A67 /* AsyncTests.swift */,
				1F4B1EF322303AF0005D3A67 /* Info.plist */,
				1F4B1EFE223042D4005D3A67 /* SoundManagerTests.swift */,
			);
			path = ScaffoldKitTests;
			sourceTree = "<group>";
		};
		1FC90A45210B97CB00E64642 /* Tests */ = {
			isa = PBXGroup;
			children = (
				1FC90A46210B981700E64642 /* ReusableViewController.swift */,
				1FC90A48210B995900E64642 /* TestReusableViewController.swift */,
			);
			path = Tests;
			sourceTree = "<group>";
		};
/* End PBXGroup section */

/* Begin PBXNativeTarget section */
		1F256CD32103B13300A8433C /* ScaffoldKit */ = {
			isa = PBXNativeTarget;
			buildConfigurationList = 1F256CE62103B13300A8433C /* Build configuration list for PBXNativeTarget "ScaffoldKit" */;
			buildPhases = (
				1F256CD02103B13300A8433C /* Sources */,
				1F256CD12103B13300A8433C /* Frameworks */,
				1F256CD22103B13300A8433C /* Resources */,
			);
			buildRules = (
			);
			dependencies = (
			);
			name = ScaffoldKit;
			productName = ScaffoldKit;
			productReference = 1F256CD42103B13300A8433C /* ScaffoldKit.app */;
			productType = "com.apple.product-type.application";
		};
		1F4B1EEE22303AEF005D3A67 /* ScaffoldKitTests */ = {
			isa = PBXNativeTarget;
			buildConfigurationList = 1F4B1EF622303AF0005D3A67 /* Build configuration list for PBXNativeTarget "ScaffoldKitTests" */;
			buildPhases = (
				1F4B1EEB22303AEF005D3A67 /* Sources */,
				1F4B1EEC22303AEF005D3A67 /* Frameworks */,
				1F4B1EED22303AEF005D3A67 /* Resources */,
			);
			buildRules = (
			);
			dependencies = (
				1F4B1EF522303AF0005D3A67 /* PBXTargetDependency */,
			);
			name = ScaffoldKitTests;
			productName = ScaffoldKitTests;
			productReference = 1F4B1EEF22303AEF005D3A67 /* ScaffoldKitTests.xctest */;
			productType = "com.apple.product-type.bundle.unit-test";
		};
/* End PBXNativeTarget section */

/* Begin PBXProject section */
		1F256CCC2103B13300A8433C /* Project object */ = {
			isa = PBXProject;
			attributes = {
				LastSwiftUpdateCheck = 1010;
				LastUpgradeCheck = 0940;
				ORGANIZATIONNAME = "su xinde";
				TargetAttributes = {
					1F256CD32103B13300A8433C = {
						CreatedOnToolsVersion = 9.4.1;
					};
					1F4B1EEE22303AEF005D3A67 = {
						CreatedOnToolsVersion = 10.1;
						TestTargetID = 1F256CD32103B13300A8433C;
					};
				};
			};
			buildConfigurationList = 1F256CCF2103B13300A8433C /* Build configuration list for PBXProject "ScaffoldKit" */;
			compatibilityVersion = "Xcode 9.3";
			developmentRegion = en;
			hasScannedForEncodings = 0;
			knownRegions = (
				en,
				Base,
			);
			mainGroup = 1F256CCB2103B13300A8433C;
			productRefGroup = 1F256CD52103B13300A8433C /* Products */;
			projectDirPath = "";
			projectRoot = "";
			targets = (
				1F256CD32103B13300A8433C /* ScaffoldKit */,
				1F4B1EEE22303AEF005D3A67 /* ScaffoldKitTests */,
			);
		};
/* End PBXProject section */

/* Begin PBXResourcesBuildPhase section */
		1F256CD22103B13300A8433C /* Resources */ = {
			isa = PBXResourcesBuildPhase;
			buildActionMask = 2147483647;
			files = (
				1F256CE22103B13300A8433C /* LaunchScreen.storyboard in Resources */,
				1F256CDF2103B13300A8433C /* Assets.xcassets in Resources */,
				1F256CDD2103B13300A8433C /* Main.storyboard in Resources */,
			);
			runOnlyForDeploymentPostprocessing = 0;
		};
		1F4B1EED22303AEF005D3A67 /* Resources */ = {
			isa = PBXResourcesBuildPhase;
			buildActionMask = 2147483647;
			files = (
				1F4B1F0222304301005D3A67 /* test.mp3 in Resources */,
			);
			runOnlyForDeploymentPostprocessing = 0;
		};
/* End PBXResourcesBuildPhase section */

/* Begin PBXSourcesBuildPhase section */
		1F256CD02103B13300A8433C /* Sources */ = {
			isa = PBXSourcesBuildPhase;
			buildActionMask = 2147483647;
			files = (
				1FC90A44210B8B5100E64642 /* ReusableQueue.swift in Sources */,
				1F256CDA2103B13300A8433C /* ViewController.swift in Sources */,
				1F256D2321044DF900A8433C /* AnimationSequence.swift in Sources */,
				1F256D1E21044DF900A8433C /* TableViewDataSource.swift in Sources */,
				1F4B1EEA22303A62005D3A67 /* Async.swift in Sources */,
				1F256D2421044DF900A8433C /* CGFloat+EvenRounded.swift in Sources */,
				1F256D1C21044DF900A8433C /* TableViewViewModel.swift in Sources */,
				1F4B1EFD22304238005D3A67 /* SoundPlayer.swift in Sources */,
				1F256D2721044DF900A8433C /* DispatchQueue+AsyncAfter.swift in Sources */,
				1F256D2121044DF900A8433C /* StateMachine.swift in Sources */,
				1F256D1F21044DF900A8433C /* TableViewSection.swift in Sources */,
				1FC90A47210B981700E64642 /* ReusableViewController.swift in Sources */,
				1FC90A49210B995900E64642 /* TestReusableViewController.swift in Sources */,
				1F256D2621044DF900A8433C /* Promise.swift in Sources */,
				1F256D2221044DF900A8433C /* View.swift in Sources */,
				1F256CD82103B13300A8433C /* AppDelegate.swift in Sources */,
				1F256D2521044DF900A8433C /* Blocks.swift in Sources */,
				1F256D2021044DF900A8433C /* Grid.swift in Sources */,
				1F256D1D21044DF900A8433C /* CollectionViewViewModel.swift in Sources */,
			);
			runOnlyForDeploymentPostprocessing = 0;
		};
		1F4B1EEB22303AEF005D3A67 /* Sources */ = {
			isa = PBXSourcesBuildPhase;
			buildActionMask = 2147483647;
			files = (
				1F4B1F00223042DE005D3A67 /* SoundPlayer.swift in Sources */,
				1F4B1EFA22303B18005D3A67 /* AsyncTests.swift in Sources */,
				1F4B1EFF223042D4005D3A67 /* SoundManagerTests.swift in Sources */,
				1F4B1EFB22303DA9005D3A67 /* Async.swift in Sources */,
				1F4B1EF222303AF0005D3A67 /* ScaffoldKitTests.swift in Sources */,
			);
			runOnlyForDeploymentPostprocessing = 0;
		};
/* End PBXSourcesBuildPhase section */

/* Begin PBXTargetDependency section */
		1F4B1EF522303AF0005D3A67 /* PBXTargetDependency */ = {
			isa = PBXTargetDependency;
			target = 1F256CD32103B13300A8433C /* ScaffoldKit */;
			targetProxy = 1F4B1EF422303AF0005D3A67 /* PBXContainerItemProxy */;
		};
/* End PBXTargetDependency section */

/* Begin PBXVariantGroup section */
		1F256CDB2103B13300A8433C /* Main.storyboard */ = {
			isa = PBXVariantGroup;
			children = (
				1F256CDC2103B13300A8433C /* Base */,
			);
			name = Main.storyboard;
			sourceTree = "<group>";
		};
		1F256CE02103B13300A8433C /* LaunchScreen.storyboard */ = {
			isa = PBXVariantGroup;
			children = (
				1F256CE12103B13300A8433C /* Base */,
			);
			name = LaunchScreen.storyboard;
			sourceTree = "<group>";
		};
/* End PBXVariantGroup section */

/* Begin XCBuildConfiguration section */
		1F256CE42103B13300A8433C /* Debug */ = {
			isa = XCBuildConfiguration;
			buildSettings = {
				ALWAYS_SEARCH_USER_PATHS = NO;
				CLANG_ANALYZER_NONNULL = YES;
				CLANG_ANALYZER_NUMBER_OBJECT_CONVERSION = YES_AGGRESSIVE;
				CLANG_CXX_LANGUAGE_STANDARD = "gnu++14";
				CLANG_CXX_LIBRARY = "libc++";
				CLANG_ENABLE_MODULES = YES;
				CLANG_ENABLE_OBJC_ARC = YES;
				CLANG_ENABLE_OBJC_WEAK = YES;
				CLANG_WARN_BLOCK_CAPTURE_AUTORELEASING = YES;
				CLANG_WARN_BOOL_CONVERSION = YES;
				CLANG_WARN_COMMA = YES;
				CLANG_WARN_CONSTANT_CONVERSION = YES;
				CLANG_WARN_DEPRECATED_OBJC_IMPLEMENTATIONS = YES;
				CLANG_WARN_DIRECT_OBJC_ISA_USAGE = YES_ERROR;
				CLANG_WARN_DOCUMENTATION_COMMENTS = YES;
				CLANG_WARN_EMPTY_BODY = YES;
				CLANG_WARN_ENUM_CONVERSION = YES;
				CLANG_WARN_INFINITE_RECURSION = YES;
				CLANG_WARN_INT_CONVERSION = YES;
				CLANG_WARN_NON_LITERAL_NULL_CONVERSION = YES;
				CLANG_WARN_OBJC_IMPLICIT_RETAIN_SELF = YES;
				CLANG_WARN_OBJC_LITERAL_CONVERSION = YES;
				CLANG_WARN_OBJC_ROOT_CLASS = YES_ERROR;
				CLANG_WARN_RANGE_LOOP_ANALYSIS = YES;
				CLANG_WARN_STRICT_PROTOTYPES = YES;
				CLANG_WARN_SUSPICIOUS_MOVE = YES;
				CLANG_WARN_UNGUARDED_AVAILABILITY = YES_AGGRESSIVE;
				CLANG_WARN_UNREACHABLE_CODE = YES;
				CLANG_WARN__DUPLICATE_METHOD_MATCH = YES;
				CODE_SIGN_IDENTITY = "iPhone Developer";
				COPY_PHASE_STRIP = NO;
				DEBUG_INFORMATION_FORMAT = dwarf;
				ENABLE_STRICT_OBJC_MSGSEND = YES;
				ENABLE_TESTABILITY = YES;
				GCC_C_LANGUAGE_STANDARD = gnu11;
				GCC_DYNAMIC_NO_PIC = NO;
				GCC_NO_COMMON_BLOCKS = YES;
				GCC_OPTIMIZATION_LEVEL = 0;
				GCC_PREPROCESSOR_DEFINITIONS = (
					"DEBUG=1",
					"$(inherited)",
				);
				GCC_WARN_64_TO_32_BIT_CONVERSION = YES;
				GCC_WARN_ABOUT_RETURN_TYPE = YES_ERROR;
				GCC_WARN_UNDECLARED_SELECTOR = YES;
				GCC_WARN_UNINITIALIZED_AUTOS = YES_AGGRESSIVE;
				GCC_WARN_UNUSED_FUNCTION = YES;
				GCC_WARN_UNUSED_VARIABLE = YES;
				IPHONEOS_DEPLOYMENT_TARGET = 11.4;
				MTL_ENABLE_DEBUG_INFO = YES;
				ONLY_ACTIVE_ARCH = YES;
				SDKROOT = iphoneos;
				SWIFT_ACTIVE_COMPILATION_CONDITIONS = DEBUG;
				SWIFT_OPTIMIZATION_LEVEL = "-Onone";
			};
			name = Debug;
		};
		1F256CE52103B13300A8433C /* Release */ = {
			isa = XCBuildConfiguration;
			buildSettings = {
				ALWAYS_SEARCH_USER_PATHS = NO;
				CLANG_ANALYZER_NONNULL = YES;
				CLANG_ANALYZER_NUMBER_OBJECT_CONVERSION = YES_AGGRESSIVE;
				CLANG_CXX_LANGUAGE_STANDARD = "gnu++14";
				CLANG_CXX_LIBRARY = "libc++";
				CLANG_ENABLE_MODULES = YES;
				CLANG_ENABLE_OBJC_ARC = YES;
				CLANG_ENABLE_OBJC_WEAK = YES;
				CLANG_WARN_BLOCK_CAPTURE_AUTORELEASING = YES;
				CLANG_WARN_BOOL_CONVERSION = YES;
				CLANG_WARN_COMMA = YES;
				CLANG_WARN_CONSTANT_CONVERSION = YES;
				CLANG_WARN_DEPRECATED_OBJC_IMPLEMENTATIONS = YES;
				CLANG_WARN_DIRECT_OBJC_ISA_USAGE = YES_ERROR;
				CLANG_WARN_DOCUMENTATION_COMMENTS = YES;
				CLANG_WARN_EMPTY_BODY = YES;
				CLANG_WARN_ENUM_CONVERSION = YES;
				CLANG_WARN_INFINITE_RECURSION = YES;
				CLANG_WARN_INT_CONVERSION = YES;
				CLANG_WARN_NON_LITERAL_NULL_CONVERSION = YES;
				CLANG_WARN_OBJC_IMPLICIT_RETAIN_SELF = YES;
				CLANG_WARN_OBJC_LITERAL_CONVERSION = YES;
				CLANG_WARN_OBJC_ROOT_CLASS = YES_ERROR;
				CLANG_WARN_RANGE_LOOP_ANALYSIS = YES;
				CLANG_WARN_STRICT_PROTOTYPES = YES;
				CLANG_WARN_SUSPICIOUS_MOVE = YES;
				CLANG_WARN_UNGUARDED_AVAILABILITY = YES_AGGRESSIVE;
				CLANG_WARN_UNREACHABLE_CODE = YES;
				CLANG_WARN__DUPLICATE_METHOD_MATCH = YES;
				CODE_SIGN_IDENTITY = "iPhone Developer";
				COPY_PHASE_STRIP = NO;
				DEBUG_INFORMATION_FORMAT = "dwarf-with-dsym";
				ENABLE_NS_ASSERTIONS = NO;
				ENABLE_STRICT_OBJC_MSGSEND = YES;
				GCC_C_LANGUAGE_STANDARD = gnu11;
				GCC_NO_COMMON_BLOCKS = YES;
				GCC_WARN_64_TO_32_BIT_CONVERSION = YES;
				GCC_WARN_ABOUT_RETURN_TYPE = YES_ERROR;
				GCC_WARN_UNDECLARED_SELECTOR = YES;
				GCC_WARN_UNINITIALIZED_AUTOS = YES_AGGRESSIVE;
				GCC_WARN_UNUSED_FUNCTION = YES;
				GCC_WARN_UNUSED_VARIABLE = YES;
				IPHONEOS_DEPLOYMENT_TARGET = 11.4;
				MTL_ENABLE_DEBUG_INFO = NO;
				SDKROOT = iphoneos;
				SWIFT_COMPILATION_MODE = wholemodule;
				SWIFT_OPTIMIZATION_LEVEL = "-O";
				VALIDATE_PRODUCT = YES;
			};
			name = Release;
		};
		1F256CE72103B13300A8433C /* Debug */ = {
			isa = XCBuildConfiguration;
			buildSettings = {
				ASSETCATALOG_COMPILER_APPICON_NAME = AppIcon;
				CODE_SIGN_STYLE = Automatic;
				INFOPLIST_FILE = ScaffoldKit/Info.plist;
				LD_RUNPATH_SEARCH_PATHS = (
					"$(inherited)",
					"@executable_path/Frameworks",
				);
				PRODUCT_BUNDLE_IDENTIFIER = com.su.ScaffoldKit;
				PRODUCT_NAME = "$(TARGET_NAME)";
				SWIFT_VERSION = 4.0;
				TARGETED_DEVICE_FAMILY = "1,2";
			};
			name = Debug;
		};
		1F256CE82103B13300A8433C /* Release */ = {
			isa = XCBuildConfiguration;
			buildSettings = {
				ASSETCATALOG_COMPILER_APPICON_NAME = AppIcon;
				CODE_SIGN_STYLE = Automatic;
				INFOPLIST_FILE = ScaffoldKit/Info.plist;
				LD_RUNPATH_SEARCH_PATHS = (
					"$(inherited)",
					"@executable_path/Frameworks",
				);
				PRODUCT_BUNDLE_IDENTIFIER = com.su.ScaffoldKit;
				PRODUCT_NAME = "$(TARGET_NAME)";
				SWIFT_VERSION = 4.0;
				TARGETED_DEVICE_FAMILY = "1,2";
			};
			name = Release;
		};
		1F4B1EF722303AF0005D3A67 /* Debug */ = {
			isa = XCBuildConfiguration;
			buildSettings = {
				BUNDLE_LOADER = "$(TEST_HOST)";
				CODE_SIGN_STYLE = Automatic;
				INFOPLIST_FILE = ScaffoldKitTests/Info.plist;
				IPHONEOS_DEPLOYMENT_TARGET = 12.1;
				LD_RUNPATH_SEARCH_PATHS = (
					"$(inherited)",
					"@executable_path/Frameworks",
					"@loader_path/Frameworks",
				);
				MTL_ENABLE_DEBUG_INFO = INCLUDE_SOURCE;
				MTL_FAST_MATH = YES;
				PRODUCT_BUNDLE_IDENTIFIER = com.su.ScaffoldKitTests;
				PRODUCT_NAME = "$(TARGET_NAME)";
				SWIFT_VERSION = 4.2;
				TARGETED_DEVICE_FAMILY = "1,2";
				TEST_HOST = "$(BUILT_PRODUCTS_DIR)/ScaffoldKit.app/ScaffoldKit";
			};
			name = Debug;
		};
		1F4B1EF822303AF0005D3A67 /* Release */ = {
			isa = XCBuildConfiguration;
			buildSettings = {
				BUNDLE_LOADER = "$(TEST_HOST)";
				CODE_SIGN_STYLE = Automatic;
				INFOPLIST_FILE = ScaffoldKitTests/Info.plist;
				IPHONEOS_DEPLOYMENT_TARGET = 12.1;
				LD_RUNPATH_SEARCH_PATHS = (
					"$(inherited)",
					"@executable_path/Frameworks",
					"@loader_path/Frameworks",
				);
				MTL_FAST_MATH = YES;
				PRODUCT_BUNDLE_IDENTIFIER = com.su.ScaffoldKitTests;
				PRODUCT_NAME = "$(TARGET_NAME)";
				SWIFT_VERSION = 4.2;
				TARGETED_DEVICE_FAMILY = "1,2";
				TEST_HOST = "$(BUILT_PRODUCTS_DIR)/ScaffoldKit.app/ScaffoldKit";
			};
			name = Release;
		};
/* End XCBuildConfiguration section */

/* Begin XCConfigurationList section */
		1F256CCF2103B13300A8433C /* Build configuration list for PBXProject "ScaffoldKit" */ = {
			isa = XCConfigurationList;
			buildConfigurations = (
				1F256CE42103B13300A8433C /* Debug */,
				1F256CE52103B13300A8433C /* Release */,
			);
			defaultConfigurationIsVisible = 0;
			defaultConfigurationName = Release;
		};
		1F256CE62103B13300A8433C /* Build configuration list for PBXNativeTarget "ScaffoldKit" */ = {
			isa = XCConfigurationList;
			buildConfigurations = (
				1F256CE72103B13300A8433C /* Debug */,
				1F256CE82103B13300A8433C /* Release */,
			);
			defaultConfigurationIsVisible = 0;
			defaultConfigurationName = Release;
		};
		1F4B1EF622303AF0005D3A67 /* Build configuration list for PBXNativeTarget "ScaffoldKitTests" */ = {
			isa = XCConfigurationList;
			buildConfigurations = (
				1F4B1EF722303AF0005D3A67 /* Debug */,
				1F4B1EF822303AF0005D3A67 /* Release */,
			);
			defaultConfigurationIsVisible = 0;
			defaultConfigurationName = Release;
		};
/* End XCConfigurationList section */
	};
	rootObject = 1F256CCC2103B13300A8433C /* Project object */;
}
